
Microsoft Visual Studio Solution File, Format Version 12.00
# Visual Studio 15
VisualStudioVersion = 15.0.28307.572
MinimumVisualStudioVersion = 10.0.40219.1
Project("{FAE04EC0-301F-11D3-BF4B-00C04F79EFBC}") = "AutofacCore2_2", "AutofacCore2_2\AutofacCore2_2.csproj", "{2EAF8150-847C-4692-904D-65C3E26E5269}"
EndProject
Global
	GlobalSection(SolutionConfigurationPlatforms) = preSolution
		Debug|Any CPU = Debug|Any CPU
		Release|Any CPU = Release|Any CPU
	EndGlobalSection
	GlobalSection(ProjectConfigurationPlatforms) = postSolution
		{2EAF8150-847C-4692-904D-65C3E26E5269}.Debug|Any CPU.ActiveCfg = Debug|Any CPU
		{2EAF8150-847C-4692-904D-65C3E26E5269}.Debug|Any CPU.Build.0 = Debug|Any CPU
		{2EAF8150-847C-4692-904D-65C3E26E5269}.Release|Any CPU.ActiveCfg = Release|Any CPU
		{2EAF8150-847C-4692-904D-65C3E26E5269}.Release|Any CPU.Build.0 = Release|Any CPU
	EndGlobalSection
	GlobalSection(SolutionProperties) = preSolution
		HideSolutionNode = FALSE
	EndGlobalSection
	GlobalSection(ExtensibilityGlobals) = postSolution
		SolutionGuid = {F0C8574E-399D-400B-A6A2-32D8F746EF31}
	EndGlobalSection
EndGlobal
